{
  "pins" : [
    {
      "identity" : "jgprogresshud",
      "kind" : "remoteSourceControl",
      "location" : "https://github.com/JonasGessner/JGProgressHUD",
      "state" : {
        "branch" : "master",
        "revision" : "6336c426fb147ee19c15252eaf363f29720c3eb5"
      }
    },
    {
      "identity" : "kingfisher",
      "kind" : "remoteSourceControl",
      "location" : "https://github.com/onevcat/Kingfisher.git",
      "state" : {
        "branch" : "master",
        "revision" : "5c21dc6a151367d23e8cc8ae624b35e7182011b2"
      }
    },
    {
      "identity" : "swiftui-date-picker-dialog",
      "kind" : "remoteSourceControl",
      "location" : "https://github.com/globulus/swiftui-date-picker-dialog",
      "state" : {
        "revision" : "71fd42d30b6659dc66574db068ade4fefd4ced4e",
        "version" : "1.0.0"
      }
    },
    {
      "identity" : "swiftui-generic-dialog",
      "kind" : "remoteSourceControl",
      "location" : "https://github.com/globulus/swiftui-generic-dialog",
      "state" : {
        "revision" : "e7f1a107014c3767c4220f9cae1e57d5c9f8fa8b",
        "version" : "1.0.1"
      }
    },
    {
      "identity" : "tocropviewcontroller",
      "kind" : "remoteSourceControl",
      "location" : "https://github.com/TimOliver/TOCropViewController",
      "state" : {
        "branch" : "main",
        "revision" : "a942414508012b13102f776eb65dac655f31cabb"
      }
    }
  ],
  "version" : 2
}
