// !$*UTF8*$!
{
	archiveVersion = 1;
	classes = {
	};
	objectVersion = 56;
	objects = {

/* Begin PBXBuildFile section */
		092663E92A6F2C1E0034296A /* ClearButton.swift in Sources */ = {isa = PBXBuildFile; fileRef = 092663E82A6F2C1E0034296A /* ClearButton.swift */; };
		0926640D2A6F4FC40034296A /* Persistence.swift in Sources */ = {isa = PBXBuildFile; fileRef = 0926640C2A6F4FC40034296A /* Persistence.swift */; };
		092664162A736FFF0034296A /* WheelPicker.swift in Sources */ = {isa = PBXBuildFile; fileRef = 092664152A736FFF0034296A /* WheelPicker.swift */; };
		0926641A2A74BF370034296A /* Timer.swift in Sources */ = {isa = PBXBuildFile; fileRef = 092664192A74BF370034296A /* Timer.swift */; };
		092664242A74D88D0034296A /* Rainbow.swift in Sources */ = {isa = PBXBuildFile; fileRef = 092664232A74D88D0034296A /* Rainbow.swift */; };
		09B96CF82A6CF8BB00FC5AAA /* LunarBirthdaysApp.swift in Sources */ = {isa = PBXBuildFile; fileRef = 09B96CF72A6CF8BB00FC5AAA /* LunarBirthdaysApp.swift */; };
		09B96CFA2A6CF8BB00FC5AAA /* ContentView.swift in Sources */ = {isa = PBXBuildFile; fileRef = 09B96CF92A6CF8BB00FC5AAA /* ContentView.swift */; };
		09B96CFC2A6CF8BD00FC5AAA /* Assets.xcassets in Resources */ = {isa = PBXBuildFile; fileRef = 09B96CFB2A6CF8BD00FC5AAA /* Assets.xcassets */; };
		09B96D002A6CF8BD00FC5AAA /* Preview Assets.xcassets in Resources */ = {isa = PBXBuildFile; fileRef = 09B96CFF2A6CF8BD00FC5AAA /* Preview Assets.xcassets */; };
		09B96D0B2A6CF9F200FC5AAA /* BirthdayModel.xcdatamodeld in Sources */ = {isa = PBXBuildFile; fileRef = 09B96D092A6CF9F200FC5AAA /* BirthdayModel.xcdatamodeld */; };
		09B96D0D2A6CFA5500FC5AAA /* DataController.swift in Sources */ = {isa = PBXBuildFile; fileRef = 09B96D0C2A6CFA5500FC5AAA /* DataController.swift */; };
		09B96D0F2A6CFCBF00FC5AAA /* Calendar.swift in Sources */ = {isa = PBXBuildFile; fileRef = 09B96D0E2A6CFCBF00FC5AAA /* Calendar.swift */; };
		09B96D112A6CFE7500FC5AAA /* ProfileView.swift in Sources */ = {isa = PBXBuildFile; fileRef = 09B96D102A6CFE7500FC5AAA /* ProfileView.swift */; };
		09B96D132A6CFF2400FC5AAA /* EditView.swift in Sources */ = {isa = PBXBuildFile; fileRef = 09B96D122A6CFF2400FC5AAA /* EditView.swift */; };
		09B96D162A6D076500FC5AAA /* SettingsView.swift in Sources */ = {isa = PBXBuildFile; fileRef = 09B96D152A6D076500FC5AAA /* SettingsView.swift */; };
/* End PBXBuildFile section */

/* Begin PBXFileReference section */
		092663E82A6F2C1E0034296A /* ClearButton.swift */ = {isa = PBXFileReference; lastKnownFileType = sourcecode.swift; path = ClearButton.swift; sourceTree = "<group>"; };
		0926640C2A6F4FC40034296A /* Persistence.swift */ = {isa = PBXFileReference; lastKnownFileType = sourcecode.swift; path = Persistence.swift; sourceTree = "<group>"; };
		092664152A736FFF0034296A /* WheelPicker.swift */ = {isa = PBXFileReference; lastKnownFileType = sourcecode.swift; path = WheelPicker.swift; sourceTree = "<group>"; };
		092664192A74BF370034296A /* Timer.swift */ = {isa = PBXFileReference; lastKnownFileType = sourcecode.swift; path = Timer.swift; sourceTree = "<group>"; };
		092664232A74D88D0034296A /* Rainbow.swift */ = {isa = PBXFileReference; lastKnownFileType = sourcecode.swift; path = Rainbow.swift; sourceTree = "<group>"; };
		092664252A772D650034296A /* BirthdayModel 3.xcdatamodel */ = {isa = PBXFileReference; lastKnownFileType = wrapper.xcdatamodel; path = "BirthdayModel 3.xcdatamodel"; sourceTree = "<group>"; };
		092664262A772DC70034296A /* BirthdayModel 4.xcdatamodel */ = {isa = PBXFileReference; lastKnownFileType = wrapper.xcdatamodel; path = "BirthdayModel 4.xcdatamodel"; sourceTree = "<group>"; };
		09B96CF42A6CF8BB00FC5AAA /* LunarBirthdays.app */ = {isa = PBXFileReference; explicitFileType = wrapper.application; includeInIndex = 0; path = LunarBirthdays.app; sourceTree = BUILT_PRODUCTS_DIR; };
		09B96CF72A6CF8BB00FC5AAA /* LunarBirthdaysApp.swift */ = {isa = PBXFileReference; lastKnownFileType = sourcecode.swift; path = LunarBirthdaysApp.swift; sourceTree = "<group>"; };
		09B96CF92A6CF8BB00FC5AAA /* ContentView.swift */ = {isa = PBXFileReference; lastKnownFileType = sourcecode.swift; path = ContentView.swift; sourceTree = "<group>"; };
		09B96CFB2A6CF8BD00FC5AAA /* Assets.xcassets */ = {isa = PBXFileReference; lastKnownFileType = folder.assetcatalog; path = Assets.xcassets; sourceTree = "<group>"; };
		09B96CFD2A6CF8BD00FC5AAA /* LunarBirthdays.entitlements */ = {isa = PBXFileReference; lastKnownFileType = text.plist.entitlements; path = LunarBirthdays.entitlements; sourceTree = "<group>"; };
		09B96CFF2A6CF8BD00FC5AAA /* Preview Assets.xcassets */ = {isa = PBXFileReference; lastKnownFileType = folder.assetcatalog; path = "Preview Assets.xcassets"; sourceTree = "<group>"; };
		09B96D0A2A6CF9F200FC5AAA /* BirthdayModel.xcdatamodel */ = {isa = PBXFileReference; lastKnownFileType = wrapper.xcdatamodel; path = BirthdayModel.xcdatamodel; sourceTree = "<group>"; };
		09B96D0C2A6CFA5500FC5AAA /* DataController.swift */ = {isa = PBXFileReference; lastKnownFileType = sourcecode.swift; path = DataController.swift; sourceTree = "<group>"; };
		09B96D0E2A6CFCBF00FC5AAA /* Calendar.swift */ = {isa = PBXFileReference; lastKnownFileType = sourcecode.swift; path = Calendar.swift; sourceTree = "<group>"; };
		09B96D102A6CFE7500FC5AAA /* ProfileView.swift */ = {isa = PBXFileReference; lastKnownFileType = sourcecode.swift; path = ProfileView.swift; sourceTree = "<group>"; };
		09B96D122A6CFF2400FC5AAA /* EditView.swift */ = {isa = PBXFileReference; lastKnownFileType = sourcecode.swift; path = EditView.swift; sourceTree = "<group>"; };
		09B96D142A6D04FA00FC5AAA /* BirthdayModel 2.xcdatamodel */ = {isa = PBXFileReference; lastKnownFileType = wrapper.xcdatamodel; path = "BirthdayModel 2.xcdatamodel"; sourceTree = "<group>"; };
		09B96D152A6D076500FC5AAA /* SettingsView.swift */ = {isa = PBXFileReference; lastKnownFileType = sourcecode.swift; path = SettingsView.swift; sourceTree = "<group>"; };
/* End PBXFileReference section */

/* Begin PBXFrameworksBuildPhase section */
		09B96CF12A6CF8BB00FC5AAA /* Frameworks */ = {
			isa = PBXFrameworksBuildPhase;
			buildActionMask = 2147483647;
			files = (
			);
			runOnlyForDeploymentPostprocessing = 0;
		};
/* End PBXFrameworksBuildPhase section */

/* Begin PBXGroup section */
		0926640E2A6F50740034296A /* Helper */ = {
			isa = PBXGroup;
			children = (
				092663E82A6F2C1E0034296A /* ClearButton.swift */,
				09B96D0E2A6CFCBF00FC5AAA /* Calendar.swift */,
				092664192A74BF370034296A /* Timer.swift */,
				092664152A736FFF0034296A /* WheelPicker.swift */,
				092664232A74D88D0034296A /* Rainbow.swift */,
			);
			path = Helper;
			sourceTree = "<group>";
		};
		09B96CEB2A6CF8BB00FC5AAA = {
			isa = PBXGroup;
			children = (
				09B96CF62A6CF8BB00FC5AAA /* LunarBirthdays */,
				09B96CF52A6CF8BB00FC5AAA /* Products */,
			);
			sourceTree = "<group>";
		};
		09B96CF52A6CF8BB00FC5AAA /* Products */ = {
			isa = PBXGroup;
			children = (
				09B96CF42A6CF8BB00FC5AAA /* LunarBirthdays.app */,
			);
			name = Products;
			sourceTree = "<group>";
		};
		09B96CF62A6CF8BB00FC5AAA /* LunarBirthdays */ = {
			isa = PBXGroup;
			children = (
				09B96CF72A6CF8BB00FC5AAA /* LunarBirthdaysApp.swift */,
				09B96D062A6CF98C00FC5AAA /* Views */,
				0926640E2A6F50740034296A /* Helper */,
				09B96D082A6CF99A00FC5AAA /* DataModel */,
				09B96CFB2A6CF8BD00FC5AAA /* Assets.xcassets */,
				09B96CFD2A6CF8BD00FC5AAA /* LunarBirthdays.entitlements */,
				09B96CFE2A6CF8BD00FC5AAA /* Preview Content */,
			);
			path = LunarBirthdays;
			sourceTree = "<group>";
		};
		09B96CFE2A6CF8BD00FC5AAA /* Preview Content */ = {
			isa = PBXGroup;
			children = (
				09B96CFF2A6CF8BD00FC5AAA /* Preview Assets.xcassets */,
			);
			path = "Preview Content";
			sourceTree = "<group>";
		};
		09B96D062A6CF98C00FC5AAA /* Views */ = {
			isa = PBXGroup;
			children = (
				09B96CF92A6CF8BB00FC5AAA /* ContentView.swift */,
				09B96D122A6CFF2400FC5AAA /* EditView.swift */,
				09B96D102A6CFE7500FC5AAA /* ProfileView.swift */,
				09B96D152A6D076500FC5AAA /* SettingsView.swift */,
			);
			path = Views;
			sourceTree = "<group>";
		};
		09B96D082A6CF99A00FC5AAA /* DataModel */ = {
			isa = PBXGroup;
			children = (
				09B96D092A6CF9F200FC5AAA /* BirthdayModel.xcdatamodeld */,
				09B96D0C2A6CFA5500FC5AAA /* DataController.swift */,
				0926640C2A6F4FC40034296A /* Persistence.swift */,
			);
			path = DataModel;
			sourceTree = "<group>";
		};
/* End PBXGroup section */

/* Begin PBXNativeTarget section */
		09B96CF32A6CF8BB00FC5AAA /* LunarBirthdays */ = {
			isa = PBXNativeTarget;
			buildConfigurationList = 09B96D032A6CF8BD00FC5AAA /* Build configuration list for PBXNativeTarget "LunarBirthdays" */;
			buildPhases = (
				09B96CF02A6CF8BB00FC5AAA /* Sources */,
				09B96CF12A6CF8BB00FC5AAA /* Frameworks */,
				09B96CF22A6CF8BB00FC5AAA /* Resources */,
			);
			buildRules = (
			);
			dependencies = (
			);
			name = LunarBirthdays;
			productName = LunarBirthdays;
			productReference = 09B96CF42A6CF8BB00FC5AAA /* LunarBirthdays.app */;
			productType = "com.apple.product-type.application";
		};
/* End PBXNativeTarget section */

/* Begin PBXProject section */
		09B96CEC2A6CF8BB00FC5AAA /* Project object */ = {
			isa = PBXProject;
			attributes = {
				BuildIndependentTargetsInParallel = 1;
				LastSwiftUpdateCheck = 1420;
				LastUpgradeCheck = 1420;
				TargetAttributes = {
					09B96CF32A6CF8BB00FC5AAA = {
						CreatedOnToolsVersion = 14.2;
					};
				};
			};
			buildConfigurationList = 09B96CEF2A6CF8BB00FC5AAA /* Build configuration list for PBXProject "LunarBirthdays" */;
			compatibilityVersion = "Xcode 14.0";
			developmentRegion = en;
			hasScannedForEncodings = 0;
			knownRegions = (
				en,
				Base,
			);
			mainGroup = 09B96CEB2A6CF8BB00FC5AAA;
			productRefGroup = 09B96CF52A6CF8BB00FC5AAA /* Products */;
			projectDirPath = "";
			projectRoot = "";
			targets = (
				09B96CF32A6CF8BB00FC5AAA /* LunarBirthdays */,
			);
		};
/* End PBXProject section */

/* Begin PBXResourcesBuildPhase section */
		09B96CF22A6CF8BB00FC5AAA /* Resources */ = {
			isa = PBXResourcesBuildPhase;
			buildActionMask = 2147483647;
			files = (
				09B96D002A6CF8BD00FC5AAA /* Preview Assets.xcassets in Resources */,
				09B96CFC2A6CF8BD00FC5AAA /* Assets.xcassets in Resources */,
			);
			runOnlyForDeploymentPostprocessing = 0;
		};
/* End PBXResourcesBuildPhase section */

/* Begin PBXSourcesBuildPhase section */
		09B96CF02A6CF8BB00FC5AAA /* Sources */ = {
			isa = PBXSourcesBuildPhase;
			buildActionMask = 2147483647;
			files = (
				09B96D0F2A6CFCBF00FC5AAA /* Calendar.swift in Sources */,
				09B96D162A6D076500FC5AAA /* SettingsView.swift in Sources */,
				09B96CFA2A6CF8BB00FC5AAA /* ContentView.swift in Sources */,
				09B96D0D2A6CFA5500FC5AAA /* DataController.swift in Sources */,
				09B96CF82A6CF8BB00FC5AAA /* LunarBirthdaysApp.swift in Sources */,
				092664242A74D88D0034296A /* Rainbow.swift in Sources */,
				09B96D132A6CFF2400FC5AAA /* EditView.swift in Sources */,
				09B96D112A6CFE7500FC5AAA /* ProfileView.swift in Sources */,
				092664162A736FFF0034296A /* WheelPicker.swift in Sources */,
				092663E92A6F2C1E0034296A /* ClearButton.swift in Sources */,
				0926641A2A74BF370034296A /* Timer.swift in Sources */,
				09B96D0B2A6CF9F200FC5AAA /* BirthdayModel.xcdatamodeld in Sources */,
				0926640D2A6F4FC40034296A /* Persistence.swift in Sources */,
			);
			runOnlyForDeploymentPostprocessing = 0;
		};
/* End PBXSourcesBuildPhase section */

/* Begin XCBuildConfiguration section */
		09B96D012A6CF8BD00FC5AAA /* Debug */ = {
			isa = XCBuildConfiguration;
			buildSettings = {
				ALWAYS_SEARCH_USER_PATHS = NO;
				CLANG_ANALYZER_NONNULL = YES;
				CLANG_ANALYZER_NUMBER_OBJECT_CONVERSION = YES_AGGRESSIVE;
				CLANG_CXX_LANGUAGE_STANDARD = "gnu++20";
				CLANG_ENABLE_MODULES = YES;
				CLANG_ENABLE_OBJC_ARC = YES;
				CLANG_ENABLE_OBJC_WEAK = YES;
				CLANG_WARN_BLOCK_CAPTURE_AUTORELEASING = YES;
				CLANG_WARN_BOOL_CONVERSION = YES;
				CLANG_WARN_COMMA = YES;
				CLANG_WARN_CONSTANT_CONVERSION = YES;
				CLANG_WARN_DEPRECATED_OBJC_IMPLEMENTATIONS = YES;
				CLANG_WARN_DIRECT_OBJC_ISA_USAGE = YES_ERROR;
				CLANG_WARN_DOCUMENTATION_COMMENTS = YES;
				CLANG_WARN_EMPTY_BODY = YES;
				CLANG_WARN_ENUM_CONVERSION = YES;
				CLANG_WARN_INFINITE_RECURSION = YES;
				CLANG_WARN_INT_CONVERSION = YES;
				CLANG_WARN_NON_LITERAL_NULL_CONVERSION = YES;
				CLANG_WARN_OBJC_IMPLICIT_RETAIN_SELF = YES;
				CLANG_WARN_OBJC_LITERAL_CONVERSION = YES;
				CLANG_WARN_OBJC_ROOT_CLASS = YES_ERROR;
				CLANG_WARN_QUOTED_INCLUDE_IN_FRAMEWORK_HEADER = YES;
				CLANG_WARN_RANGE_LOOP_ANALYSIS = YES;
				CLANG_WARN_STRICT_PROTOTYPES = YES;
				CLANG_WARN_SUSPICIOUS_MOVE = YES;
				CLANG_WARN_UNGUARDED_AVAILABILITY = YES_AGGRESSIVE;
				CLANG_WARN_UNREACHABLE_CODE = YES;
				CLANG_WARN__DUPLICATE_METHOD_MATCH = YES;
				COPY_PHASE_STRIP = NO;
				DEBUG_INFORMATION_FORMAT = dwarf;
				ENABLE_STRICT_OBJC_MSGSEND = YES;
				ENABLE_TESTABILITY = YES;
				GCC_C_LANGUAGE_STANDARD = gnu11;
				GCC_DYNAMIC_NO_PIC = NO;
				GCC_NO_COMMON_BLOCKS = YES;
				GCC_OPTIMIZATION_LEVEL = 0;
				GCC_PREPROCESSOR_DEFINITIONS = (
					"DEBUG=1",
					"$(inherited)",
				);
				GCC_WARN_64_TO_32_BIT_CONVERSION = YES;
				GCC_WARN_ABOUT_RETURN_TYPE = YES_ERROR;
				GCC_WARN_UNDECLARED_SELECTOR = YES;
				GCC_WARN_UNINITIALIZED_AUTOS = YES_AGGRESSIVE;
				GCC_WARN_UNUSED_FUNCTION = YES;
				GCC_WARN_UNUSED_VARIABLE = YES;
				MTL_ENABLE_DEBUG_INFO = INCLUDE_SOURCE;
				MTL_FAST_MATH = YES;
				ONLY_ACTIVE_ARCH = YES;
				SWIFT_ACTIVE_COMPILATION_CONDITIONS = DEBUG;
				SWIFT_OPTIMIZATION_LEVEL = "-Onone";
			};
			name = Debug;
		};
		09B96D022A6CF8BD00FC5AAA /* Release */ = {
			isa = XCBuildConfiguration;
			buildSettings = {
				ALWAYS_SEARCH_USER_PATHS = NO;
				CLANG_ANALYZER_NONNULL = YES;
				CLANG_ANALYZER_NUMBER_OBJECT_CONVERSION = YES_AGGRESSIVE;
				CLANG_CXX_LANGUAGE_STANDARD = "gnu++20";
				CLANG_ENABLE_MODULES = YES;
				CLANG_ENABLE_OBJC_ARC = YES;
				CLANG_ENABLE_OBJC_WEAK = YES;
				CLANG_WARN_BLOCK_CAPTURE_AUTORELEASING = YES;
				CLANG_WARN_BOOL_CONVERSION = YES;
				CLANG_WARN_COMMA = YES;
				CLANG_WARN_CONSTANT_CONVERSION = YES;
				CLANG_WARN_DEPRECATED_OBJC_IMPLEMENTATIONS = YES;
				CLANG_WARN_DIRECT_OBJC_ISA_USAGE = YES_ERROR;
				CLANG_WARN_DOCUMENTATION_COMMENTS = YES;
				CLANG_WARN_EMPTY_BODY = YES;
				CLANG_WARN_ENUM_CONVERSION = YES;
				CLANG_WARN_INFINITE_RECURSION = YES;
				CLANG_WARN_INT_CONVERSION = YES;
				CLANG_WARN_NON_LITERAL_NULL_CONVERSION = YES;
				CLANG_WARN_OBJC_IMPLICIT_RETAIN_SELF = YES;
				CLANG_WARN_OBJC_LITERAL_CONVERSION = YES;
				CLANG_WARN_OBJC_ROOT_CLASS = YES_ERROR;
				CLANG_WARN_QUOTED_INCLUDE_IN_FRAMEWORK_HEADER = YES;
				CLANG_WARN_RANGE_LOOP_ANALYSIS = YES;
				CLANG_WARN_STRICT_PROTOTYPES = YES;
				CLANG_WARN_SUSPICIOUS_MOVE = YES;
				CLANG_WARN_UNGUARDED_AVAILABILITY = YES_AGGRESSIVE;
				CLANG_WARN_UNREACHABLE_CODE = YES;
				CLANG_WARN__DUPLICATE_METHOD_MATCH = YES;
				COPY_PHASE_STRIP = NO;
				DEBUG_INFORMATION_FORMAT = "dwarf-with-dsym";
				ENABLE_NS_ASSERTIONS = NO;
				ENABLE_STRICT_OBJC_MSGSEND = YES;
				GCC_C_LANGUAGE_STANDARD = gnu11;
				GCC_NO_COMMON_BLOCKS = YES;
				GCC_WARN_64_TO_32_BIT_CONVERSION = YES;
				GCC_WARN_ABOUT_RETURN_TYPE = YES_ERROR;
				GCC_WARN_UNDECLARED_SELECTOR = YES;
				GCC_WARN_UNINITIALIZED_AUTOS = YES_AGGRESSIVE;
				GCC_WARN_UNUSED_FUNCTION = YES;
				GCC_WARN_UNUSED_VARIABLE = YES;
				MTL_ENABLE_DEBUG_INFO = NO;
				MTL_FAST_MATH = YES;
				SWIFT_COMPILATION_MODE = wholemodule;
				SWIFT_OPTIMIZATION_LEVEL = "-O";
			};
			name = Release;
		};
		09B96D042A6CF8BD00FC5AAA /* Debug */ = {
			isa = XCBuildConfiguration;
			buildSettings = {
				ASSETCATALOG_COMPILER_APPICON_NAME = AppIcon;
				ASSETCATALOG_COMPILER_GLOBAL_ACCENT_COLOR_NAME = AccentColor;
				CODE_SIGN_ENTITLEMENTS = LunarBirthdays/LunarBirthdays.entitlements;
				CODE_SIGN_STYLE = Automatic;
				CURRENT_PROJECT_VERSION = 1;
				DEVELOPMENT_ASSET_PATHS = "\"LunarBirthdays/Preview Content\"";
				ENABLE_PREVIEWS = YES;
				GENERATE_INFOPLIST_FILE = YES;
				"INFOPLIST_KEY_UIApplicationSceneManifest_Generation[sdk=iphoneos*]" = YES;
				"INFOPLIST_KEY_UIApplicationSceneManifest_Generation[sdk=iphonesimulator*]" = YES;
				"INFOPLIST_KEY_UIApplicationSupportsIndirectInputEvents[sdk=iphoneos*]" = YES;
				"INFOPLIST_KEY_UIApplicationSupportsIndirectInputEvents[sdk=iphonesimulator*]" = YES;
				"INFOPLIST_KEY_UILaunchScreen_Generation[sdk=iphoneos*]" = YES;
				"INFOPLIST_KEY_UILaunchScreen_Generation[sdk=iphonesimulator*]" = YES;
				"INFOPLIST_KEY_UIStatusBarStyle[sdk=iphoneos*]" = UIStatusBarStyleDefault;
				"INFOPLIST_KEY_UIStatusBarStyle[sdk=iphonesimulator*]" = UIStatusBarStyleDefault;
				INFOPLIST_KEY_UISupportedInterfaceOrientations_iPad = "UIInterfaceOrientationPortrait UIInterfaceOrientationPortraitUpsideDown UIInterfaceOrientationLandscapeLeft UIInterfaceOrientationLandscapeRight";
				INFOPLIST_KEY_UISupportedInterfaceOrientations_iPhone = "UIInterfaceOrientationPortrait UIInterfaceOrientationLandscapeLeft UIInterfaceOrientationLandscapeRight";
				IPHONEOS_DEPLOYMENT_TARGET = 16.2;
				LD_RUNPATH_SEARCH_PATHS = "@executable_path/Frameworks";
				"LD_RUNPATH_SEARCH_PATHS[sdk=macosx*]" = "@executable_path/../Frameworks";
				MACOSX_DEPLOYMENT_TARGET = 12.6;
				MARKETING_VERSION = 1.0;
				PRODUCT_BUNDLE_IDENTIFIER = com.Google.LunarBirthdays;
				PRODUCT_NAME = "$(TARGET_NAME)";
				SDKROOT = auto;
				SUPPORTED_PLATFORMS = "iphoneos iphonesimulator macosx";
				SWIFT_EMIT_LOC_STRINGS = YES;
				SWIFT_VERSION = 5.0;
				TARGETED_DEVICE_FAMILY = "1,2";
			};
			name = Debug;
		};
		09B96D052A6CF8BD00FC5AAA /* Release */ = {
			isa = XCBuildConfiguration;
			buildSettings = {
				ASSETCATALOG_COMPILER_APPICON_NAME = AppIcon;
				ASSETCATALOG_COMPILER_GLOBAL_ACCENT_COLOR_NAME = AccentColor;
				CODE_SIGN_ENTITLEMENTS = LunarBirthdays/LunarBirthdays.entitlements;
				CODE_SIGN_STYLE = Automatic;
				CURRENT_PROJECT_VERSION = 1;
				DEVELOPMENT_ASSET_PATHS = "\"LunarBirthdays/Preview Content\"";
				ENABLE_PREVIEWS = YES;
				GENERATE_INFOPLIST_FILE = YES;
				"INFOPLIST_KEY_UIApplicationSceneManifest_Generation[sdk=iphoneos*]" = YES;
				"INFOPLIST_KEY_UIApplicationSceneManifest_Generation[sdk=iphonesimulator*]" = YES;
				"INFOPLIST_KEY_UIApplicationSupportsIndirectInputEvents[sdk=iphoneos*]" = YES;
				"INFOPLIST_KEY_UIApplicationSupportsIndirectInputEvents[sdk=iphonesimulator*]" = YES;
				"INFOPLIST_KEY_UILaunchScreen_Generation[sdk=iphoneos*]" = YES;
				"INFOPLIST_KEY_UILaunchScreen_Generation[sdk=iphonesimulator*]" = YES;
				"INFOPLIST_KEY_UIStatusBarStyle[sdk=iphoneos*]" = UIStatusBarStyleDefault;
				"INFOPLIST_KEY_UIStatusBarStyle[sdk=iphonesimulator*]" = UIStatusBarStyleDefault;
				INFOPLIST_KEY_UISupportedInterfaceOrientations_iPad = "UIInterfaceOrientationPortrait UIInterfaceOrientationPortraitUpsideDown UIInterfaceOrientationLandscapeLeft UIInterfaceOrientationLandscapeRight";
				INFOPLIST_KEY_UISupportedInterfaceOrientations_iPhone = "UIInterfaceOrientationPortrait UIInterfaceOrientationLandscapeLeft UIInterfaceOrientationLandscapeRight";
				IPHONEOS_DEPLOYMENT_TARGET = 16.2;
				LD_RUNPATH_SEARCH_PATHS = "@executable_path/Frameworks";
				"LD_RUNPATH_SEARCH_PATHS[sdk=macosx*]" = "@executable_path/../Frameworks";
				MACOSX_DEPLOYMENT_TARGET = 12.6;
				MARKETING_VERSION = 1.0;
				PRODUCT_BUNDLE_IDENTIFIER = com.Google.LunarBirthdays;
				PRODUCT_NAME = "$(TARGET_NAME)";
				SDKROOT = auto;
				SUPPORTED_PLATFORMS = "iphoneos iphonesimulator macosx";
				SWIFT_EMIT_LOC_STRINGS = YES;
				SWIFT_VERSION = 5.0;
				TARGETED_DEVICE_FAMILY = "1,2";
			};
			name = Release;
		};
/* End XCBuildConfiguration section */

/* Begin XCConfigurationList section */
		09B96CEF2A6CF8BB00FC5AAA /* Build configuration list for PBXProject "LunarBirthdays" */ = {
			isa = XCConfigurationList;
			buildConfigurations = (
				09B96D012A6CF8BD00FC5AAA /* Debug */,
				09B96D022A6CF8BD00FC5AAA /* Release */,
			);
			defaultConfigurationIsVisible = 0;
			defaultConfigurationName = Release;
		};
		09B96D032A6CF8BD00FC5AAA /* Build configuration list for PBXNativeTarget "LunarBirthdays" */ = {
			isa = XCConfigurationList;
			buildConfigurations = (
				09B96D042A6CF8BD00FC5AAA /* Debug */,
				09B96D052A6CF8BD00FC5AAA /* Release */,
			);
			defaultConfigurationIsVisible = 0;
			defaultConfigurationName = Release;
		};
/* End XCConfigurationList section */

/* Begin XCVersionGroup section */
		09B96D092A6CF9F200FC5AAA /* BirthdayModel.xcdatamodeld */ = {
			isa = XCVersionGroup;
			children = (
				092664262A772DC70034296A /* BirthdayModel 4.xcdatamodel */,
				092664252A772D650034296A /* BirthdayModel 3.xcdatamodel */,
				09B96D142A6D04FA00FC5AAA /* BirthdayModel 2.xcdatamodel */,
				09B96D0A2A6CF9F200FC5AAA /* BirthdayModel.xcdatamodel */,
			);
			currentVersion = 092664262A772DC70034296A /* BirthdayModel 4.xcdatamodel */;
			path = BirthdayModel.xcdatamodeld;
			sourceTree = "<group>";
			versionGroupType = wrapper.xcdatamodel;
		};
/* End XCVersionGroup section */
	};
	rootObject = 09B96CEC2A6CF8BB00FC5AAA /* Project object */;
}
